
Microsoft Visual Studio Solution File, Format Version 12.00
# Visual Studio Version 17
VisualStudioVersion = 17.4.33403.182
MinimumVisualStudioVersion = 10.0.40219.1
Project("{FAE04EC0-301F-11D3-BF4B-00C04F79EFBC}") = "VM", "VM\VM.csproj", "{1E3CE193-4800-48E5-904E-82A3DED3860C}"
EndProject
Global
	GlobalSection(SolutionConfigurationPlatforms) = preSolution
		Debug|Any CPU = Debug|Any CPU
		Release|Any CPU = Release|Any CPU
	EndGlobalSection
	GlobalSection(ProjectConfigurationPlatforms) = postSolution
		{1E3CE193-4800-48E5-904E-82A3DED3860C}.Debug|Any CPU.ActiveCfg = Debug|Any CPU
		{1E3CE193-4800-48E5-904E-82A3DED3860C}.Debug|Any CPU.Build.0 = Debug|Any CPU
		{1E3CE193-4800-48E5-904E-82A3DED3860C}.Release|Any CPU.ActiveCfg = Release|Any CPU
		{1E3CE193-4800-48E5-904E-82A3DED3860C}.Release|Any CPU.Build.0 = Release|Any CPU
	EndGlobalSection
	GlobalSection(SolutionProperties) = preSolution
		HideSolutionNode = FALSE
	EndGlobalSection
	GlobalSection(ExtensibilityGlobals) = postSolution
		SolutionGuid = {A4184EBD-8D93-451E-B779-D07C9739C1AF}
	EndGlobalSection
EndGlobal
